version = 1
revision = 3
requires-python = ">=3.13"

[[package]]
name = "invoke"
version = "2.2.0"
source = { registry = "https://pypi.org/simple" }
sdist = { url = "https://files.pythonhosted.org/packages/f9/42/127e6d792884ab860defc3f4d80a8f9812e48ace584ffc5a346de58cdc6c/invoke-2.2.0.tar.gz", hash = "sha256:ee6cbb101af1a859c7fe84f2a264c059020b0cb7fe3535f9424300ab568f6bd5", size = 299835, upload-time = "2023-07-12T18:05:17.998Z" }
wheels = [
    { url = "https://files.pythonhosted.org/packages/0a/66/7f8c48009c72d73bc6bbe6eb87ac838d6a526146f7dab14af671121eb379/invoke-2.2.0-py3-none-any.whl", hash = "sha256:6ea924cc53d4f78e3d98bc436b08069a03077e6f85ad1ddaa8a116d7dad15820", size = 160274, upload-time = "2023-07-12T18:05:16.294Z" },
]

[[package]]
name = "netifaces"
version = "0.11.0"
source = { registry = "https://pypi.org/simple" }
sdist = { url = "https://files.pythonhosted.org/packages/a6/91/86a6eac449ddfae239e93ffc1918cf33fd9bab35c04d1e963b311e347a73/netifaces-0.11.0.tar.gz", hash = "sha256:043a79146eb2907edf439899f262b3dfe41717d34124298ed281139a8b93ca32", size = 30106, upload-time = "2021-05-31T08:33:02.506Z" }

[[package]]
name = "scapy"
version = "2.6.1"
source = { registry = "https://pypi.org/simple" }
sdist = { url = "https://files.pythonhosted.org/packages/df/2f/035d3888f26d999e9680af8c7ddb7ce4ea0fd8d0e01c000de634c22dcf13/scapy-2.6.1.tar.gz", hash = "sha256:7600d7e2383c853e5c3a6e05d37e17643beebf2b3e10d7914dffcc3bc3c6e6c5", size = 2247754, upload-time = "2024-11-05T08:43:23.488Z" }
wheels = [
    { url = "https://files.pythonhosted.org/packages/4b/34/8695b43af99d0c796e4b7933a0d7df8925f43a8abdd0ff0f6297beb4de3a/scapy-2.6.1-py3-none-any.whl", hash = "sha256:88a998572049b511a1f3e44f4aa7c62dd39c6ea2aa1bb58434f503956641789d", size = 2420670, upload-time = "2024-11-05T08:43:21.285Z" },
]

[[package]]
name = "toolkit"
version = "0.1.0"
source = { virtual = "." }
dependencies = [
    { name = "invoke" },
    { name = "netifaces" },
    { name = "scapy" },
]

[package.metadata]
requires-dist = [
    { name = "invoke", specifier = ">=2.2.0" },
    { name = "netifaces", specifier = ">=0.11.0" },
    { name = "scapy", specifier = ">=2.6.1" },
]
